
Microsoft Visual Studio Solution File, Format Version 12.00
# Visual Studio 15
VisualStudioVersion = 15.0.27703.2042
MinimumVisualStudioVersion = 10.0.40219.1
Project("{FAE04EC0-301F-11D3-BF4B-00C04F79EFBC}") = "AutisticDataViewer", "AutisticDataViewer\AutisticDataViewer.csproj", "{0BC710BB-340D-4EAA-9F34-3FCB043AAC30}"
EndProject
Global
	GlobalSection(SolutionConfigurationPlatforms) = preSolution
		Debug|Any CPU = Debug|Any CPU
		Release|Any CPU = Release|Any CPU
	EndGlobalSection
	GlobalSection(ProjectConfigurationPlatforms) = postSolution
		{0BC710BB-340D-4EAA-9F34-3FCB043AAC30}.Debug|Any CPU.ActiveCfg = Debug|Any CPU
		{0BC710BB-340D-4EAA-9F34-3FCB043AAC30}.Debug|Any CPU.Build.0 = Debug|Any CPU
		{0BC710BB-340D-4EAA-9F34-3FCB043AAC30}.Release|Any CPU.ActiveCfg = Release|Any CPU
		{0BC710BB-340D-4EAA-9F34-3FCB043AAC30}.Release|Any CPU.Build.0 = Release|Any CPU
	EndGlobalSection
	GlobalSection(SolutionProperties) = preSolution
		HideSolutionNode = FALSE
	EndGlobalSection
	GlobalSection(ExtensibilityGlobals) = postSolution
		SolutionGuid = {89A04598-AF87-4E58-BF50-37C987D08764}
	EndGlobalSection
EndGlobal
